// !$*UTF8*$!
{
	archiveVersion = 1;
	classes = {
	};
	objectVersion = 50;
	objects = {

/* Begin PBXBuildFile section */
		D45A45F7215769E80000813B /* AppDelegate.swift in Sources */ = {isa = PBXBuildFile; fileRef = D45A45F6215769E80000813B /* AppDelegate.swift */; };
		D45A45F9215769E80000813B /* ViewController.swift in Sources */ = {isa = PBXBuildFile; fileRef = D45A45F8215769E80000813B /* ViewController.swift */; };
		D45A45FC215769E80000813B /* Main.storyboard in Resources */ = {isa = PBXBuildFile; fileRef = D45A45FA215769E80000813B /* Main.storyboard */; };
		D45A45FF215769E80000813B /* AppleTreeGame.xcdatamodeld in Sources */ = {isa = PBXBuildFile; fileRef = D45A45FD215769E80000813B /* AppleTreeGame.xcdatamodeld */; };
		D45A4601215769EE0000813B /* Assets.xcassets in Resources */ = {isa = PBXBuildFile; fileRef = D45A4600215769EE0000813B /* Assets.xcassets */; };
		D45A4604215769EE0000813B /* LaunchScreen.storyboard in Resources */ = {isa = PBXBuildFile; fileRef = D45A4602215769EE0000813B /* LaunchScreen.storyboard */; };
		D45A460C215776700000813B /* Game.swift in Sources */ = {isa = PBXBuildFile; fileRef = D45A460B215776700000813B /* Game.swift */; };
/* End PBXBuildFile section */

/* Begin PBXFileReference section */
		D45A45F3215769E80000813B /* AppleTreeGame.app */ = {isa = PBXFileReference; explicitFileType = wrapper.application; includeInIndex = 0; path = AppleTreeGame.app; sourceTree = BUILT_PRODUCTS_DIR; };
		D45A45F6215769E80000813B /* AppDelegate.swift */ = {isa = PBXFileReference; lastKnownFileType = sourcecode.swift; path = AppDelegate.swift; sourceTree = "<group>"; };
		D45A45F8215769E80000813B /* ViewController.swift */ = {isa = PBXFileReference; lastKnownFileType = sourcecode.swift; path = ViewController.swift; sourceTree = "<group>"; };
		D45A45FB215769E80000813B /* Base */ = {isa = PBXFileReference; lastKnownFileType = file.storyboard; name = Base; path = Base.lproj/Main.storyboard; sourceTree = "<group>"; };
		D45A45FE215769E80000813B /* AppleTreeGame.xcdatamodel */ = {isa = PBXFileReference; lastKnownFileType = wrapper.xcdatamodel; path = AppleTreeGame.xcdatamodel; sourceTree = "<group>"; };
		D45A4600215769EE0000813B /* Assets.xcassets */ = {isa = PBXFileReference; lastKnownFileType = folder.assetcatalog; path = Assets.xcassets; sourceTree = "<group>"; };
		D45A4603215769EE0000813B /* Base */ = {isa = PBXFileReference; lastKnownFileType = file.storyboard; name = Base; path = Base.lproj/LaunchScreen.storyboard; sourceTree = "<group>"; };
		D45A4605215769EE0000813B /* Info.plist */ = {isa = PBXFileReference; lastKnownFileType = text.plist.xml; path = Info.plist; sourceTree = "<group>"; };
		D45A460B215776700000813B /* Game.swift */ = {isa = PBXFileReference; lastKnownFileType = sourcecode.swift; path = Game.swift; sourceTree = "<group>"; };
/* End PBXFileReference section */

/* Begin PBXFrameworksBuildPhase section */
		D45A45F0215769E80000813B /* Frameworks */ = {
			isa = PBXFrameworksBuildPhase;
			buildActionMask = 2147483647;
			files = (
			);
			runOnlyForDeploymentPostprocessing = 0;
		};
/* End PBXFrameworksBuildPhase section */

/* Begin PBXGroup section */
		D45A45EA215769E80000813B = {
			isa = PBXGroup;
			children = (
				D45A45F5215769E80000813B /* AppleTreeGame */,
				D45A45F4215769E80000813B /* Products */,
			);
			sourceTree = "<group>";
		};
		D45A45F4215769E80000813B /* Products */ = {
			isa = PBXGroup;
			children = (
				D45A45F3215769E80000813B /* AppleTreeGame.app */,
			);
			name = Products;
			sourceTree = "<group>";
		};
		D45A45F5215769E80000813B /* AppleTreeGame */ = {
			isa = PBXGroup;
			children = (
				D45A45F6215769E80000813B /* AppDelegate.swift */,
				D45A45F8215769E80000813B /* ViewController.swift */,
				D45A460B215776700000813B /* Game.swift */,
				D45A45FA215769E80000813B /* Main.storyboard */,
				D45A4600215769EE0000813B /* Assets.xcassets */,
				D45A4602215769EE0000813B /* LaunchScreen.storyboard */,
				D45A4605215769EE0000813B /* Info.plist */,
				D45A45FD215769E80000813B /* AppleTreeGame.xcdatamodeld */,
			);
			path = AppleTreeGame;
			sourceTree = "<group>";
		};
/* End PBXGroup section */

/* Begin PBXNativeTarget section */
		D45A45F2215769E80000813B /* AppleTreeGame */ = {
			isa = PBXNativeTarget;
			buildConfigurationList = D45A4608215769EE0000813B /* Build configuration list for PBXNativeTarget "AppleTreeGame" */;
			buildPhases = (
				D45A45EF215769E80000813B /* Sources */,
				D45A45F0215769E80000813B /* Frameworks */,
				D45A45F1215769E80000813B /* Resources */,
			);
			buildRules = (
			);
			dependencies = (
			);
			name = AppleTreeGame;
			productName = AppleTreeGame;
			productReference = D45A45F3215769E80000813B /* AppleTreeGame.app */;
			productType = "com.apple.product-type.application";
		};
/* End PBXNativeTarget section */

/* Begin PBXProject section */
		D45A45EB215769E80000813B /* Project object */ = {
			isa = PBXProject;
			attributes = {
				LastSwiftUpdateCheck = 0930;
				LastUpgradeCheck = 0930;
				ORGANIZATIONNAME = "Mahima Borah";
				TargetAttributes = {
					D45A45F2215769E80000813B = {
						CreatedOnToolsVersion = 9.3.1;
					};
				};
			};
			buildConfigurationList = D45A45EE215769E80000813B /* Build configuration list for PBXProject "AppleTreeGame" */;
			compatibilityVersion = "Xcode 9.3";
			developmentRegion = en;
			hasScannedForEncodings = 0;
			knownRegions = (
				en,
				Base,
			);
			mainGroup = D45A45EA215769E80000813B;
			productRefGroup = D45A45F4215769E80000813B /* Products */;
			projectDirPath = "";
			projectRoot = "";
			targets = (
				D45A45F2215769E80000813B /* AppleTreeGame */,
			);
		};
/* End PBXProject section */

/* Begin PBXResourcesBuildPhase section */
		D45A45F1215769E80000813B /* Resources */ = {
			isa = PBXResourcesBuildPhase;
			buildActionMask = 2147483647;
			files = (
				D45A4604215769EE0000813B /* LaunchScreen.storyboard in Resources */,
				D45A4601215769EE0000813B /* Assets.xcassets in Resources */,
				D45A45FC215769E80000813B /* Main.storyboard in Resources */,
			);
			runOnlyForDeploymentPostprocessing = 0;
		};
/* End PBXResourcesBuildPhase section */

/* Begin PBXSourcesBuildPhase section */
		D45A45EF215769E80000813B /* Sources */ = {
			isa = PBXSourcesBuildPhase;
			buildActionMask = 2147483647;
			files = (
				D45A45F9215769E80000813B /* ViewController.swift in Sources */,
				D45A45FF215769E80000813B /* AppleTreeGame.xcdatamodeld in Sources */,
				D45A45F7215769E80000813B /* AppDelegate.swift in Sources */,
				D45A460C215776700000813B /* Game.swift in Sources */,
			);
			runOnlyForDeploymentPostprocessing = 0;
		};
/* End PBXSourcesBuildPhase section */

/* Begin PBXVariantGroup section */
		D45A45FA215769E80000813B /* Main.storyboard */ = {
			isa = PBXVariantGroup;
			children = (
				D45A45FB215769E80000813B /* Base */,
			);
			name = Main.storyboard;
			sourceTree = "<group>";
		};
		D45A4602215769EE0000813B /* LaunchScreen.storyboard */ = {
			isa = PBXVariantGroup;
			children = (
				D45A4603215769EE0000813B /* Base */,
			);
			name = LaunchScreen.storyboard;
			sourceTree = "<group>";
		};
/* End PBXVariantGroup section */

/* Begin XCBuildConfiguration section */
		D45A4606215769EE0000813B /* Debug */ = {
			isa = XCBuildConfiguration;
			buildSettings = {
				ALWAYS_SEARCH_USER_PATHS = NO;
				CLANG_ANALYZER_NONNULL = YES;
				CLANG_ANALYZER_NUMBER_OBJECT_CONVERSION = YES_AGGRESSIVE;
				CLANG_CXX_LANGUAGE_STANDARD = "gnu++14";
				CLANG_CXX_LIBRARY = "libc++";
				CLANG_ENABLE_MODULES = YES;
				CLANG_ENABLE_OBJC_ARC = YES;
				CLANG_ENABLE_OBJC_WEAK = YES;
				CLANG_WARN_BLOCK_CAPTURE_AUTORELEASING = YES;
				CLANG_WARN_BOOL_CONVERSION = YES;
				CLANG_WARN_COMMA = YES;
				CLANG_WARN_CONSTANT_CONVERSION = YES;
				CLANG_WARN_DEPRECATED_OBJC_IMPLEMENTATIONS = YES;
				CLANG_WARN_DIRECT_OBJC_ISA_USAGE = YES_ERROR;
				CLANG_WARN_DOCUMENTATION_COMMENTS = YES;
				CLANG_WARN_EMPTY_BODY = YES;
				CLANG_WARN_ENUM_CONVERSION = YES;
				CLANG_WARN_INFINITE_RECURSION = YES;
				CLANG_WARN_INT_CONVERSION = YES;
				CLANG_WARN_NON_LITERAL_NULL_CONVERSION = YES;
				CLANG_WARN_OBJC_IMPLICIT_RETAIN_SELF = YES;
				CLANG_WARN_OBJC_LITERAL_CONVERSION = YES;
				CLANG_WARN_OBJC_ROOT_CLASS = YES_ERROR;
				CLANG_WARN_RANGE_LOOP_ANALYSIS = YES;
				CLANG_WARN_STRICT_PROTOTYPES = YES;
				CLANG_WARN_SUSPICIOUS_MOVE = YES;
				CLANG_WARN_UNGUARDED_AVAILABILITY = YES_AGGRESSIVE;
				CLANG_WARN_UNREACHABLE_CODE = YES;
				CLANG_WARN__DUPLICATE_METHOD_MATCH = YES;
				CODE_SIGN_IDENTITY = "iPhone Developer";
				COPY_PHASE_STRIP = NO;
				DEBUG_INFORMATION_FORMAT = dwarf;
				ENABLE_STRICT_OBJC_MSGSEND = YES;
				ENABLE_TESTABILITY = YES;
				GCC_C_LANGUAGE_STANDARD = gnu11;
				GCC_DYNAMIC_NO_PIC = NO;
				GCC_NO_COMMON_BLOCKS = YES;
				GCC_OPTIMIZATION_LEVEL = 0;
				GCC_PREPROCESSOR_DEFINITIONS = (
					"DEBUG=1",
					"$(inherited)",
				);
				GCC_WARN_64_TO_32_BIT_CONVERSION = YES;
				GCC_WARN_ABOUT_RETURN_TYPE = YES_ERROR;
				GCC_WARN_UNDECLARED_SELECTOR = YES;
				GCC_WARN_UNINITIALIZED_AUTOS = YES_AGGRESSIVE;
				GCC_WARN_UNUSED_FUNCTION = YES;
				GCC_WARN_UNUSED_VARIABLE = YES;
				IPHONEOS_DEPLOYMENT_TARGET = 11.3;
				MTL_ENABLE_DEBUG_INFO = YES;
				ONLY_ACTIVE_ARCH = YES;
				SDKROOT = iphoneos;
				SWIFT_ACTIVE_COMPILATION_CONDITIONS = DEBUG;
				SWIFT_OPTIMIZATION_LEVEL = "-Onone";
			};
			name = Debug;
		};
		D45A4607215769EE0000813B /* Release */ = {
			isa = XCBuildConfiguration;
			buildSettings = {
				ALWAYS_SEARCH_USER_PATHS = NO;
				CLANG_ANALYZER_NONNULL = YES;
				CLANG_ANALYZER_NUMBER_OBJECT_CONVERSION = YES_AGGRESSIVE;
				CLANG_CXX_LANGUAGE_STANDARD = "gnu++14";
				CLANG_CXX_LIBRARY = "libc++";
				CLANG_ENABLE_MODULES = YES;
				CLANG_ENABLE_OBJC_ARC = YES;
				CLANG_ENABLE_OBJC_WEAK = YES;
				CLANG_WARN_BLOCK_CAPTURE_AUTORELEASING = YES;
				CLANG_WARN_BOOL_CONVERSION = YES;
				CLANG_WARN_COMMA = YES;
				CLANG_WARN_CONSTANT_CONVERSION = YES;
				CLANG_WARN_DEPRECATED_OBJC_IMPLEMENTATIONS = YES;
				CLANG_WARN_DIRECT_OBJC_ISA_USAGE = YES_ERROR;
				CLANG_WARN_DOCUMENTATION_COMMENTS = YES;
				CLANG_WARN_EMPTY_BODY = YES;
				CLANG_WARN_ENUM_CONVERSION = YES;
				CLANG_WARN_INFINITE_RECURSION = YES;
				CLANG_WARN_INT_CONVERSION = YES;
				CLANG_WARN_NON_LITERAL_NULL_CONVERSION = YES;
				CLANG_WARN_OBJC_IMPLICIT_RETAIN_SELF = YES;
				CLANG_WARN_OBJC_LITERAL_CONVERSION = YES;
				CLANG_WARN_OBJC_ROOT_CLASS = YES_ERROR;
				CLANG_WARN_RANGE_LOOP_ANALYSIS = YES;
				CLANG_WARN_STRICT_PROTOTYPES = YES;
				CLANG_WARN_SUSPICIOUS_MOVE = YES;
				CLANG_WARN_UNGUARDED_AVAILABILITY = YES_AGGRESSIVE;
				CLANG_WARN_UNREACHABLE_CODE = YES;
				CLANG_WARN__DUPLICATE_METHOD_MATCH = YES;
				CODE_SIGN_IDENTITY = "iPhone Developer";
				COPY_PHASE_STRIP = NO;
				DEBUG_INFORMATION_FORMAT = "dwarf-with-dsym";
				ENABLE_NS_ASSERTIONS = NO;
				ENABLE_STRICT_OBJC_MSGSEND = YES;
				GCC_C_LANGUAGE_STANDARD = gnu11;
				GCC_NO_COMMON_BLOCKS = YES;
				GCC_WARN_64_TO_32_BIT_CONVERSION = YES;
				GCC_WARN_ABOUT_RETURN_TYPE = YES_ERROR;
				GCC_WARN_UNDECLARED_SELECTOR = YES;
				GCC_WARN_UNINITIALIZED_AUTOS = YES_AGGRESSIVE;
				GCC_WARN_UNUSED_FUNCTION = YES;
				GCC_WARN_UNUSED_VARIABLE = YES;
				IPHONEOS_DEPLOYMENT_TARGET = 11.3;
				MTL_ENABLE_DEBUG_INFO = NO;
				SDKROOT = iphoneos;
				SWIFT_COMPILATION_MODE = wholemodule;
				SWIFT_OPTIMIZATION_LEVEL = "-O";
				VALIDATE_PRODUCT = YES;
			};
			name = Release;
		};
		D45A4609215769EE0000813B /* Debug */ = {
			isa = XCBuildConfiguration;
			buildSettings = {
				ASSETCATALOG_COMPILER_APPICON_NAME = AppIcon;
				CODE_SIGN_STYLE = Automatic;
				DEVELOPMENT_TEAM = 7LKXXYL68X;
				INFOPLIST_FILE = AppleTreeGame/Info.plist;
				LD_RUNPATH_SEARCH_PATHS = (
					"$(inherited)",
					"@executable_path/Frameworks",
				);
				PRODUCT_BUNDLE_IDENTIFIER = com.MahimaBorah.AppleTreeGame;
				PRODUCT_NAME = "$(TARGET_NAME)";
				SWIFT_VERSION = 4.0;
				TARGETED_DEVICE_FAMILY = "1,2";
			};
			name = Debug;
		};
		D45A460A215769EE0000813B /* Release */ = {
			isa = XCBuildConfiguration;
			buildSettings = {
				ASSETCATALOG_COMPILER_APPICON_NAME = AppIcon;
				CODE_SIGN_STYLE = Automatic;
				DEVELOPMENT_TEAM = 7LKXXYL68X;
				INFOPLIST_FILE = AppleTreeGame/Info.plist;
				LD_RUNPATH_SEARCH_PATHS = (
					"$(inherited)",
					"@executable_path/Frameworks",
				);
				PRODUCT_BUNDLE_IDENTIFIER = com.MahimaBorah.AppleTreeGame;
				PRODUCT_NAME = "$(TARGET_NAME)";
				SWIFT_VERSION = 4.0;
				TARGETED_DEVICE_FAMILY = "1,2";
			};
			name = Release;
		};
/* End XCBuildConfiguration section */

/* Begin XCConfigurationList section */
		D45A45EE215769E80000813B /* Build configuration list for PBXProject "AppleTreeGame" */ = {
			isa = XCConfigurationList;
			buildConfigurations = (
				D45A4606215769EE0000813B /* Debug */,
				D45A4607215769EE0000813B /* Release */,
			);
			defaultConfigurationIsVisible = 0;
			defaultConfigurationName = Release;
		};
		D45A4608215769EE0000813B /* Build configuration list for PBXNativeTarget "AppleTreeGame" */ = {
			isa = XCConfigurationList;
			buildConfigurations = (
				D45A4609215769EE0000813B /* Debug */,
				D45A460A215769EE0000813B /* Release */,
			);
			defaultConfigurationIsVisible = 0;
			defaultConfigurationName = Release;
		};
/* End XCConfigurationList section */

/* Begin XCVersionGroup section */
		D45A45FD215769E80000813B /* AppleTreeGame.xcdatamodeld */ = {
			isa = XCVersionGroup;
			children = (
				D45A45FE215769E80000813B /* AppleTreeGame.xcdatamodel */,
			);
			currentVersion = D45A45FE215769E80000813B /* AppleTreeGame.xcdatamodel */;
			path = AppleTreeGame.xcdatamodeld;
			sourceTree = "<group>";
			versionGroupType = wrapper.xcdatamodel;
		};
/* End XCVersionGroup section */
	};
	rootObject = D45A45EB215769E80000813B /* Project object */;
}
